// !$*UTF8*$!
{
	archiveVersion = 1;
	classes = {
	};
	objectVersion = 52;
	objects = {

/* Begin PBXBuildFile section */
		CC1583182479754800165E03 /* NewsSplitViewController.swift in Sources */ = {isa = PBXBuildFile; fileRef = CC1583172479754800165E03 /* NewsSplitViewController.swift */; };
		CC15831B247975BB00165E03 /* NewsDetailViewController.swift in Sources */ = {isa = PBXBuildFile; fileRef = CC15831A247975BB00165E03 /* NewsDetailViewController.swift */; };
		CC15831D2479777100165E03 /* NewsListViewModel.swift in Sources */ = {isa = PBXBuildFile; fileRef = CC15831C2479777100165E03 /* NewsListViewModel.swift */; };
		CC15831F24797A9000165E03 /* NewsFetchService.swift in Sources */ = {isa = PBXBuildFile; fileRef = CC15831E24797A9000165E03 /* NewsFetchService.swift */; };
		CC15832224797AD000165E03 /* Alamofire in Frameworks */ = {isa = PBXBuildFile; productRef = CC15832124797AD000165E03 /* Alamofire */; };
		CC15832524797E6800165E03 /* SwiftyXMLParser in Frameworks */ = {isa = PBXBuildFile; productRef = CC15832424797E6800165E03 /* SwiftyXMLParser */; };
		CC15832724798EBF00165E03 /* Collection+NewsList.swift in Sources */ = {isa = PBXBuildFile; fileRef = CC15832624798EBF00165E03 /* Collection+NewsList.swift */; };
		CC1A119A24783C810057E71D /* AppDelegate.swift in Sources */ = {isa = PBXBuildFile; fileRef = CC1A119924783C810057E71D /* AppDelegate.swift */; };
		CC1A119C24783C810057E71D /* SceneDelegate.swift in Sources */ = {isa = PBXBuildFile; fileRef = CC1A119B24783C810057E71D /* SceneDelegate.swift */; };
		CC1A119E24783C810057E71D /* NewsListViewController.swift in Sources */ = {isa = PBXBuildFile; fileRef = CC1A119D24783C810057E71D /* NewsListViewController.swift */; };
		CC1A11A424783C810057E71D /* NewsList.xcdatamodeld in Sources */ = {isa = PBXBuildFile; fileRef = CC1A11A224783C810057E71D /* NewsList.xcdatamodeld */; };
		CC1A11A624783C830057E71D /* Assets.xcassets in Resources */ = {isa = PBXBuildFile; fileRef = CC1A11A524783C830057E71D /* Assets.xcassets */; };
		CC1A11A924783C830057E71D /* LaunchScreen.storyboard in Resources */ = {isa = PBXBuildFile; fileRef = CC1A11A724783C830057E71D /* LaunchScreen.storyboard */; };
		CC1A11B424783C830057E71D /* NewsListTests.swift in Sources */ = {isa = PBXBuildFile; fileRef = CC1A11B324783C830057E71D /* NewsListTests.swift */; };
		CC1A11BF24783C830057E71D /* NewsListUITests.swift in Sources */ = {isa = PBXBuildFile; fileRef = CC1A11BE24783C830057E71D /* NewsListUITests.swift */; };
		CC1A11CE2478ED170057E71D /* SnapKit in Frameworks */ = {isa = PBXBuildFile; productRef = CC1A11CD2478ED170057E71D /* SnapKit */; };
		CC1A11D32478EDC70057E71D /* NewsListCell.swift in Sources */ = {isa = PBXBuildFile; fileRef = CC1A11D22478EDC70057E71D /* NewsListCell.swift */; };
		CCB4565224799AB80046FE0A /* BaseCoordinator.swift in Sources */ = {isa = PBXBuildFile; fileRef = CCB4565124799AB80046FE0A /* BaseCoordinator.swift */; };
		CCB4565424799C8B0046FE0A /* NewsViewCoordinator.swift in Sources */ = {isa = PBXBuildFile; fileRef = CCB4565324799C8B0046FE0A /* NewsViewCoordinator.swift */; };
		CCB4565624799CC80046FE0A /* SelectSourceCoordinator.swift in Sources */ = {isa = PBXBuildFile; fileRef = CCB4565524799CC80046FE0A /* SelectSourceCoordinator.swift */; };
		CCB45658247AC5330046FE0A /* PlaceholderViewController.swift in Sources */ = {isa = PBXBuildFile; fileRef = CCB45657247AC5330046FE0A /* PlaceholderViewController.swift */; };
/* End PBXBuildFile section */

/* Begin PBXContainerItemProxy section */
		CC1A11B024783C830057E71D /* PBXContainerItemProxy */ = {
			isa = PBXContainerItemProxy;
			containerPortal = CC1A118E24783C810057E71D /* Project object */;
			proxyType = 1;
			remoteGlobalIDString = CC1A119524783C810057E71D;
			remoteInfo = NewsList;
		};
		CC1A11BB24783C830057E71D /* PBXContainerItemProxy */ = {
			isa = PBXContainerItemProxy;
			containerPortal = CC1A118E24783C810057E71D /* Project object */;
			proxyType = 1;
			remoteGlobalIDString = CC1A119524783C810057E71D;
			remoteInfo = NewsList;
		};
/* End PBXContainerItemProxy section */

/* Begin PBXFileReference section */
		CC1583172479754800165E03 /* NewsSplitViewController.swift */ = {isa = PBXFileReference; lastKnownFileType = sourcecode.swift; path = NewsSplitViewController.swift; sourceTree = "<group>"; };
		CC15831A247975BB00165E03 /* NewsDetailViewController.swift */ = {isa = PBXFileReference; lastKnownFileType = sourcecode.swift; path = NewsDetailViewController.swift; sourceTree = "<group>"; };
		CC15831C2479777100165E03 /* NewsListViewModel.swift */ = {isa = PBXFileReference; lastKnownFileType = sourcecode.swift; path = NewsListViewModel.swift; sourceTree = "<group>"; };
		CC15831E24797A9000165E03 /* NewsFetchService.swift */ = {isa = PBXFileReference; lastKnownFileType = sourcecode.swift; path = NewsFetchService.swift; sourceTree = "<group>"; };
		CC15832624798EBF00165E03 /* Collection+NewsList.swift */ = {isa = PBXFileReference; lastKnownFileType = sourcecode.swift; path = "Collection+NewsList.swift"; sourceTree = "<group>"; };
		CC1A119624783C810057E71D /* NewsList.app */ = {isa = PBXFileReference; explicitFileType = wrapper.application; includeInIndex = 0; path = NewsList.app; sourceTree = BUILT_PRODUCTS_DIR; };
		CC1A119924783C810057E71D /* AppDelegate.swift */ = {isa = PBXFileReference; lastKnownFileType = sourcecode.swift; path = AppDelegate.swift; sourceTree = "<group>"; };
		CC1A119B24783C810057E71D /* SceneDelegate.swift */ = {isa = PBXFileReference; lastKnownFileType = sourcecode.swift; path = SceneDelegate.swift; sourceTree = "<group>"; };
		CC1A119D24783C810057E71D /* NewsListViewController.swift */ = {isa = PBXFileReference; lastKnownFileType = sourcecode.swift; path = NewsListViewController.swift; sourceTree = "<group>"; };
		CC1A11A324783C810057E71D /* NewsList.xcdatamodel */ = {isa = PBXFileReference; lastKnownFileType = wrapper.xcdatamodel; path = NewsList.xcdatamodel; sourceTree = "<group>"; };
		CC1A11A524783C830057E71D /* Assets.xcassets */ = {isa = PBXFileReference; lastKnownFileType = folder.assetcatalog; path = Assets.xcassets; sourceTree = "<group>"; };
		CC1A11A824783C830057E71D /* Base */ = {isa = PBXFileReference; lastKnownFileType = file.storyboard; name = Base; path = Base.lproj/LaunchScreen.storyboard; sourceTree = "<group>"; };
		CC1A11AA24783C830057E71D /* Info.plist */ = {isa = PBXFileReference; lastKnownFileType = text.plist.xml; path = Info.plist; sourceTree = "<group>"; };
		CC1A11AF24783C830057E71D /* NewsListTests.xctest */ = {isa = PBXFileReference; explicitFileType = wrapper.cfbundle; includeInIndex = 0; path = NewsListTests.xctest; sourceTree = BUILT_PRODUCTS_DIR; };
		CC1A11B324783C830057E71D /* NewsListTests.swift */ = {isa = PBXFileReference; lastKnownFileType = sourcecode.swift; path = NewsListTests.swift; sourceTree = "<group>"; };
		CC1A11B524783C830057E71D /* Info.plist */ = {isa = PBXFileReference; lastKnownFileType = text.plist.xml; path = Info.plist; sourceTree = "<group>"; };
		CC1A11BA24783C830057E71D /* NewsListUITests.xctest */ = {isa = PBXFileReference; explicitFileType = wrapper.cfbundle; includeInIndex = 0; path = NewsListUITests.xctest; sourceTree = BUILT_PRODUCTS_DIR; };
		CC1A11BE24783C830057E71D /* NewsListUITests.swift */ = {isa = PBXFileReference; lastKnownFileType = sourcecode.swift; path = NewsListUITests.swift; sourceTree = "<group>"; };
		CC1A11C024783C830057E71D /* Info.plist */ = {isa = PBXFileReference; lastKnownFileType = text.plist.xml; path = Info.plist; sourceTree = "<group>"; };
		CC1A11D22478EDC70057E71D /* NewsListCell.swift */ = {isa = PBXFileReference; lastKnownFileType = sourcecode.swift; path = NewsListCell.swift; sourceTree = "<group>"; };
		CCB4565124799AB80046FE0A /* BaseCoordinator.swift */ = {isa = PBXFileReference; lastKnownFileType = sourcecode.swift; path = BaseCoordinator.swift; sourceTree = "<group>"; };
		CCB4565324799C8B0046FE0A /* NewsViewCoordinator.swift */ = {isa = PBXFileReference; lastKnownFileType = sourcecode.swift; path = NewsViewCoordinator.swift; sourceTree = "<group>"; };
		CCB4565524799CC80046FE0A /* SelectSourceCoordinator.swift */ = {isa = PBXFileReference; lastKnownFileType = sourcecode.swift; path = SelectSourceCoordinator.swift; sourceTree = "<group>"; };
		CCB45657247AC5330046FE0A /* PlaceholderViewController.swift */ = {isa = PBXFileReference; lastKnownFileType = sourcecode.swift; path = PlaceholderViewController.swift; sourceTree = "<group>"; };
/* End PBXFileReference section */

/* Begin PBXFrameworksBuildPhase section */
		CC1A119324783C810057E71D /* Frameworks */ = {
			isa = PBXFrameworksBuildPhase;
			buildActionMask = 2147483647;
			files = (
				CC1A11CE2478ED170057E71D /* SnapKit in Frameworks */,
				CC15832524797E6800165E03 /* SwiftyXMLParser in Frameworks */,
				CC15832224797AD000165E03 /* Alamofire in Frameworks */,
			);
			runOnlyForDeploymentPostprocessing = 0;
		};
		CC1A11AC24783C830057E71D /* Frameworks */ = {
			isa = PBXFrameworksBuildPhase;
			buildActionMask = 2147483647;
			files = (
			);
			runOnlyForDeploymentPostprocessing = 0;
		};
		CC1A11B724783C830057E71D /* Frameworks */ = {
			isa = PBXFrameworksBuildPhase;
			buildActionMask = 2147483647;
			files = (
			);
			runOnlyForDeploymentPostprocessing = 0;
		};
/* End PBXFrameworksBuildPhase section */

/* Begin PBXGroup section */
		CC1583162479753300165E03 /* Split */ = {
			isa = PBXGroup;
			children = (
				CC1583172479754800165E03 /* NewsSplitViewController.swift */,
			);
			path = Split;
			sourceTree = "<group>";
		};
		CC158319247975A800165E03 /* Detail */ = {
			isa = PBXGroup;
			children = (
				CC15831A247975BB00165E03 /* NewsDetailViewController.swift */,
			);
			path = Detail;
			sourceTree = "<group>";
		};
		CC1A118D24783C810057E71D = {
			isa = PBXGroup;
			children = (
				CC1A119824783C810057E71D /* NewsList */,
				CC1A11B224783C830057E71D /* NewsListTests */,
				CC1A11BD24783C830057E71D /* NewsListUITests */,
				CC1A119724783C810057E71D /* Products */,
			);
			sourceTree = "<group>";
		};
		CC1A119724783C810057E71D /* Products */ = {
			isa = PBXGroup;
			children = (
				CC1A119624783C810057E71D /* NewsList.app */,
				CC1A11AF24783C830057E71D /* NewsListTests.xctest */,
				CC1A11BA24783C830057E71D /* NewsListUITests.xctest */,
			);
			name = Products;
			sourceTree = "<group>";
		};
		CC1A119824783C810057E71D /* NewsList */ = {
			isa = PBXGroup;
			children = (
				CCB4565E247AC65F0046FE0A /* App */,
				CCB4565A247AC5FF0046FE0A /* News */,
				CC1A11D02478ED630057E71D /* Resources */,
				CC1A11A224783C810057E71D /* NewsList.xcdatamodeld */,
				CC15831E24797A9000165E03 /* NewsFetchService.swift */,
				CCB4565B247AC61E0046FE0A /* Common */,
				CCB4565524799CC80046FE0A /* SelectSourceCoordinator.swift */,
			);
			path = NewsList;
			sourceTree = "<group>";
		};
		CC1A11B224783C830057E71D /* NewsListTests */ = {
			isa = PBXGroup;
			children = (
				CC1A11B324783C830057E71D /* NewsListTests.swift */,
				CC1A11B524783C830057E71D /* Info.plist */,
			);
			path = NewsListTests;
			sourceTree = "<group>";
		};
		CC1A11BD24783C830057E71D /* NewsListUITests */ = {
			isa = PBXGroup;
			children = (
				CC1A11BE24783C830057E71D /* NewsListUITests.swift */,
				CC1A11C024783C830057E71D /* Info.plist */,
			);
			path = NewsListUITests;
			sourceTree = "<group>";
		};
		CC1A11CF2478ED490057E71D /* List */ = {
			isa = PBXGroup;
			children = (
				CC1A119D24783C810057E71D /* NewsListViewController.swift */,
				CC15831C2479777100165E03 /* NewsListViewModel.swift */,
				CC1A11D12478EDB20057E71D /* Cell */,
			);
			path = List;
			sourceTree = "<group>";
		};
		CC1A11D02478ED630057E71D /* Resources */ = {
			isa = PBXGroup;
			children = (
				CC1A11A524783C830057E71D /* Assets.xcassets */,
				CC1A11A724783C830057E71D /* LaunchScreen.storyboard */,
				CC1A11AA24783C830057E71D /* Info.plist */,
			);
			path = Resources;
			sourceTree = "<group>";
		};
		CC1A11D12478EDB20057E71D /* Cell */ = {
			isa = PBXGroup;
			children = (
				CC1A11D22478EDC70057E71D /* NewsListCell.swift */,
			);
			path = Cell;
			sourceTree = "<group>";
		};
		CCB45659247AC5F20046FE0A /* Placeholder */ = {
			isa = PBXGroup;
			children = (
				CCB45657247AC5330046FE0A /* PlaceholderViewController.swift */,
			);
			path = Placeholder;
			sourceTree = "<group>";
		};
		CCB4565A247AC5FF0046FE0A /* News */ = {
			isa = PBXGroup;
			children = (
				CCB4565324799C8B0046FE0A /* NewsViewCoordinator.swift */,
				CC1583162479753300165E03 /* Split */,
				CC1A11CF2478ED490057E71D /* List */,
				CC158319247975A800165E03 /* Detail */,
			);
			path = News;
			sourceTree = "<group>";
		};
		CCB4565B247AC61E0046FE0A /* Common */ = {
			isa = PBXGroup;
			children = (
				CCB4565C247AC6280046FE0A /* Coordinator */,
				CCB4565D247AC62F0046FE0A /* Extension */,
				CCB45659247AC5F20046FE0A /* Placeholder */,
			);
			path = Common;
			sourceTree = "<group>";
		};
		CCB4565C247AC6280046FE0A /* Coordinator */ = {
			isa = PBXGroup;
			children = (
				CCB4565124799AB80046FE0A /* BaseCoordinator.swift */,
			);
			path = Coordinator;
			sourceTree = "<group>";
		};
		CCB4565D247AC62F0046FE0A /* Extension */ = {
			isa = PBXGroup;
			children = (
				CC15832624798EBF00165E03 /* Collection+NewsList.swift */,
			);
			path = Extension;
			sourceTree = "<group>";
		};
		CCB4565E247AC65F0046FE0A /* App */ = {
			isa = PBXGroup;
			children = (
				CC1A119924783C810057E71D /* AppDelegate.swift */,
				CC1A119B24783C810057E71D /* SceneDelegate.swift */,
			);
			path = App;
			sourceTree = "<group>";
		};
/* End PBXGroup section */

/* Begin PBXNativeTarget section */
		CC1A119524783C810057E71D /* NewsList */ = {
			isa = PBXNativeTarget;
			buildConfigurationList = CC1A11C324783C830057E71D /* Build configuration list for PBXNativeTarget "NewsList" */;
			buildPhases = (
				CC1A119224783C810057E71D /* Sources */,
				CC1A119324783C810057E71D /* Frameworks */,
				CC1A119424783C810057E71D /* Resources */,
			);
			buildRules = (
			);
			dependencies = (
			);
			name = NewsList;
			packageProductDependencies = (
				CC1A11CD2478ED170057E71D /* SnapKit */,
				CC15832124797AD000165E03 /* Alamofire */,
				CC15832424797E6800165E03 /* SwiftyXMLParser */,
			);
			productName = NewsList;
			productReference = CC1A119624783C810057E71D /* NewsList.app */;
			productType = "com.apple.product-type.application";
		};
		CC1A11AE24783C830057E71D /* NewsListTests */ = {
			isa = PBXNativeTarget;
			buildConfigurationList = CC1A11C624783C830057E71D /* Build configuration list for PBXNativeTarget "NewsListTests" */;
			buildPhases = (
				CC1A11AB24783C830057E71D /* Sources */,
				CC1A11AC24783C830057E71D /* Frameworks */,
				CC1A11AD24783C830057E71D /* Resources */,
			);
			buildRules = (
			);
			dependencies = (
				CC1A11B124783C830057E71D /* PBXTargetDependency */,
			);
			name = NewsListTests;
			productName = NewsListTests;
			productReference = CC1A11AF24783C830057E71D /* NewsListTests.xctest */;
			productType = "com.apple.product-type.bundle.unit-test";
		};
		CC1A11B924783C830057E71D /* NewsListUITests */ = {
			isa = PBXNativeTarget;
			buildConfigurationList = CC1A11C924783C830057E71D /* Build configuration list for PBXNativeTarget "NewsListUITests" */;
			buildPhases = (
				CC1A11B624783C830057E71D /* Sources */,
				CC1A11B724783C830057E71D /* Frameworks */,
				CC1A11B824783C830057E71D /* Resources */,
			);
			buildRules = (
			);
			dependencies = (
				CC1A11BC24783C830057E71D /* PBXTargetDependency */,
			);
			name = NewsListUITests;
			productName = NewsListUITests;
			productReference = CC1A11BA24783C830057E71D /* NewsListUITests.xctest */;
			productType = "com.apple.product-type.bundle.ui-testing";
		};
/* End PBXNativeTarget section */

/* Begin PBXProject section */
		CC1A118E24783C810057E71D /* Project object */ = {
			isa = PBXProject;
			attributes = {
				LastSwiftUpdateCheck = 1140;
				LastUpgradeCheck = 1140;
				ORGANIZATIONNAME = "Alex Ivashko";
				TargetAttributes = {
					CC1A119524783C810057E71D = {
						CreatedOnToolsVersion = 11.4.1;
					};
					CC1A11AE24783C830057E71D = {
						CreatedOnToolsVersion = 11.4.1;
						TestTargetID = CC1A119524783C810057E71D;
					};
					CC1A11B924783C830057E71D = {
						CreatedOnToolsVersion = 11.4.1;
						TestTargetID = CC1A119524783C810057E71D;
					};
				};
			};
			buildConfigurationList = CC1A119124783C810057E71D /* Build configuration list for PBXProject "NewsList" */;
			compatibilityVersion = "Xcode 9.3";
			developmentRegion = en;
			hasScannedForEncodings = 0;
			knownRegions = (
				en,
				Base,
			);
			mainGroup = CC1A118D24783C810057E71D;
			packageReferences = (
				CC1A11CC2478ED170057E71D /* XCRemoteSwiftPackageReference "SnapKit" */,
				CC15832024797AD000165E03 /* XCRemoteSwiftPackageReference "Alamofire" */,
				CC15832324797E6800165E03 /* XCRemoteSwiftPackageReference "SwiftyXMLParser" */,
			);
			productRefGroup = CC1A119724783C810057E71D /* Products */;
			projectDirPath = "";
			projectRoot = "";
			targets = (
				CC1A119524783C810057E71D /* NewsList */,
				CC1A11AE24783C830057E71D /* NewsListTests */,
				CC1A11B924783C830057E71D /* NewsListUITests */,
			);
		};
/* End PBXProject section */

/* Begin PBXResourcesBuildPhase section */
		CC1A119424783C810057E71D /* Resources */ = {
			isa = PBXResourcesBuildPhase;
			buildActionMask = 2147483647;
			files = (
				CC1A11A924783C830057E71D /* LaunchScreen.storyboard in Resources */,
				CC1A11A624783C830057E71D /* Assets.xcassets in Resources */,
			);
			runOnlyForDeploymentPostprocessing = 0;
		};
		CC1A11AD24783C830057E71D /* Resources */ = {
			isa = PBXResourcesBuildPhase;
			buildActionMask = 2147483647;
			files = (
			);
			runOnlyForDeploymentPostprocessing = 0;
		};
		CC1A11B824783C830057E71D /* Resources */ = {
			isa = PBXResourcesBuildPhase;
			buildActionMask = 2147483647;
			files = (
			);
			runOnlyForDeploymentPostprocessing = 0;
		};
/* End PBXResourcesBuildPhase section */

/* Begin PBXSourcesBuildPhase section */
		CC1A119224783C810057E71D /* Sources */ = {
			isa = PBXSourcesBuildPhase;
			buildActionMask = 2147483647;
			files = (
				CCB4565624799CC80046FE0A /* SelectSourceCoordinator.swift in Sources */,
				CC15831F24797A9000165E03 /* NewsFetchService.swift in Sources */,
				CC1583182479754800165E03 /* NewsSplitViewController.swift in Sources */,
				CC15832724798EBF00165E03 /* Collection+NewsList.swift in Sources */,
				CCB45658247AC5330046FE0A /* PlaceholderViewController.swift in Sources */,
				CC1A119E24783C810057E71D /* NewsListViewController.swift in Sources */,
				CCB4565424799C8B0046FE0A /* NewsViewCoordinator.swift in Sources */,
				CC1A11D32478EDC70057E71D /* NewsListCell.swift in Sources */,
				CC15831B247975BB00165E03 /* NewsDetailViewController.swift in Sources */,
				CC1A119A24783C810057E71D /* AppDelegate.swift in Sources */,
				CC1A11A424783C810057E71D /* NewsList.xcdatamodeld in Sources */,
				CC1A119C24783C810057E71D /* SceneDelegate.swift in Sources */,
				CCB4565224799AB80046FE0A /* BaseCoordinator.swift in Sources */,
				CC15831D2479777100165E03 /* NewsListViewModel.swift in Sources */,
			);
			runOnlyForDeploymentPostprocessing = 0;
		};
		CC1A11AB24783C830057E71D /* Sources */ = {
			isa = PBXSourcesBuildPhase;
			buildActionMask = 2147483647;
			files = (
				CC1A11B424783C830057E71D /* NewsListTests.swift in Sources */,
			);
			runOnlyForDeploymentPostprocessing = 0;
		};
		CC1A11B624783C830057E71D /* Sources */ = {
			isa = PBXSourcesBuildPhase;
			buildActionMask = 2147483647;
			files = (
				CC1A11BF24783C830057E71D /* NewsListUITests.swift in Sources */,
			);
			runOnlyForDeploymentPostprocessing = 0;
		};
/* End PBXSourcesBuildPhase section */

/* Begin PBXTargetDependency section */
		CC1A11B124783C830057E71D /* PBXTargetDependency */ = {
			isa = PBXTargetDependency;
			target = CC1A119524783C810057E71D /* NewsList */;
			targetProxy = CC1A11B024783C830057E71D /* PBXContainerItemProxy */;
		};
		CC1A11BC24783C830057E71D /* PBXTargetDependency */ = {
			isa = PBXTargetDependency;
			target = CC1A119524783C810057E71D /* NewsList */;
			targetProxy = CC1A11BB24783C830057E71D /* PBXContainerItemProxy */;
		};
/* End PBXTargetDependency section */

/* Begin PBXVariantGroup section */
		CC1A11A724783C830057E71D /* LaunchScreen.storyboard */ = {
			isa = PBXVariantGroup;
			children = (
				CC1A11A824783C830057E71D /* Base */,
			);
			name = LaunchScreen.storyboard;
			sourceTree = "<group>";
		};
/* End PBXVariantGroup section */

/* Begin XCBuildConfiguration section */
		CC1A11C124783C830057E71D /* Debug */ = {
			isa = XCBuildConfiguration;
			buildSettings = {
				ALWAYS_SEARCH_USER_PATHS = NO;
				CLANG_ANALYZER_NONNULL = YES;
				CLANG_ANALYZER_NUMBER_OBJECT_CONVERSION = YES_AGGRESSIVE;
				CLANG_CXX_LANGUAGE_STANDARD = "gnu++14";
				CLANG_CXX_LIBRARY = "libc++";
				CLANG_ENABLE_MODULES = YES;
				CLANG_ENABLE_OBJC_ARC = YES;
				CLANG_ENABLE_OBJC_WEAK = YES;
				CLANG_WARN_BLOCK_CAPTURE_AUTORELEASING = YES;
				CLANG_WARN_BOOL_CONVERSION = YES;
				CLANG_WARN_COMMA = YES;
				CLANG_WARN_CONSTANT_CONVERSION = YES;
				CLANG_WARN_DEPRECATED_OBJC_IMPLEMENTATIONS = YES;
				CLANG_WARN_DIRECT_OBJC_ISA_USAGE = YES_ERROR;
				CLANG_WARN_DOCUMENTATION_COMMENTS = YES;
				CLANG_WARN_EMPTY_BODY = YES;
				CLANG_WARN_ENUM_CONVERSION = YES;
				CLANG_WARN_INFINITE_RECURSION = YES;
				CLANG_WARN_INT_CONVERSION = YES;
				CLANG_WARN_NON_LITERAL_NULL_CONVERSION = YES;
				CLANG_WARN_OBJC_IMPLICIT_RETAIN_SELF = YES;
				CLANG_WARN_OBJC_LITERAL_CONVERSION = YES;
				CLANG_WARN_OBJC_ROOT_CLASS = YES_ERROR;
				CLANG_WARN_RANGE_LOOP_ANALYSIS = YES;
				CLANG_WARN_STRICT_PROTOTYPES = YES;
				CLANG_WARN_SUSPICIOUS_MOVE = YES;
				CLANG_WARN_UNGUARDED_AVAILABILITY = YES_AGGRESSIVE;
				CLANG_WARN_UNREACHABLE_CODE = YES;
				CLANG_WARN__DUPLICATE_METHOD_MATCH = YES;
				COPY_PHASE_STRIP = NO;
				DEBUG_INFORMATION_FORMAT = dwarf;
				ENABLE_STRICT_OBJC_MSGSEND = YES;
				ENABLE_TESTABILITY = YES;
				GCC_C_LANGUAGE_STANDARD = gnu11;
				GCC_DYNAMIC_NO_PIC = NO;
				GCC_NO_COMMON_BLOCKS = YES;
				GCC_OPTIMIZATION_LEVEL = 0;
				GCC_PREPROCESSOR_DEFINITIONS = (
					"DEBUG=1",
					"$(inherited)",
				);
				GCC_WARN_64_TO_32_BIT_CONVERSION = YES;
				GCC_WARN_ABOUT_RETURN_TYPE = YES_ERROR;
				GCC_WARN_UNDECLARED_SELECTOR = YES;
				GCC_WARN_UNINITIALIZED_AUTOS = YES_AGGRESSIVE;
				GCC_WARN_UNUSED_FUNCTION = YES;
				GCC_WARN_UNUSED_VARIABLE = YES;
				IPHONEOS_DEPLOYMENT_TARGET = 13.4;
				MTL_ENABLE_DEBUG_INFO = INCLUDE_SOURCE;
				MTL_FAST_MATH = YES;
				ONLY_ACTIVE_ARCH = YES;
				SDKROOT = iphoneos;
				SWIFT_ACTIVE_COMPILATION_CONDITIONS = DEBUG;
				SWIFT_OPTIMIZATION_LEVEL = "-Onone";
			};
			name = Debug;
		};
		CC1A11C224783C830057E71D /* Release */ = {
			isa = XCBuildConfiguration;
			buildSettings = {
				ALWAYS_SEARCH_USER_PATHS = NO;
				CLANG_ANALYZER_NONNULL = YES;
				CLANG_ANALYZER_NUMBER_OBJECT_CONVERSION = YES_AGGRESSIVE;
				CLANG_CXX_LANGUAGE_STANDARD = "gnu++14";
				CLANG_CXX_LIBRARY = "libc++";
				CLANG_ENABLE_MODULES = YES;
				CLANG_ENABLE_OBJC_ARC = YES;
				CLANG_ENABLE_OBJC_WEAK = YES;
				CLANG_WARN_BLOCK_CAPTURE_AUTORELEASING = YES;
				CLANG_WARN_BOOL_CONVERSION = YES;
				CLANG_WARN_COMMA = YES;
				CLANG_WARN_CONSTANT_CONVERSION = YES;
				CLANG_WARN_DEPRECATED_OBJC_IMPLEMENTATIONS = YES;
				CLANG_WARN_DIRECT_OBJC_ISA_USAGE = YES_ERROR;
				CLANG_WARN_DOCUMENTATION_COMMENTS = YES;
				CLANG_WARN_EMPTY_BODY = YES;
				CLANG_WARN_ENUM_CONVERSION = YES;
				CLANG_WARN_INFINITE_RECURSION = YES;
				CLANG_WARN_INT_CONVERSION = YES;
				CLANG_WARN_NON_LITERAL_NULL_CONVERSION = YES;
				CLANG_WARN_OBJC_IMPLICIT_RETAIN_SELF = YES;
				CLANG_WARN_OBJC_LITERAL_CONVERSION = YES;
				CLANG_WARN_OBJC_ROOT_CLASS = YES_ERROR;
				CLANG_WARN_RANGE_LOOP_ANALYSIS = YES;
				CLANG_WARN_STRICT_PROTOTYPES = YES;
				CLANG_WARN_SUSPICIOUS_MOVE = YES;
				CLANG_WARN_UNGUARDED_AVAILABILITY = YES_AGGRESSIVE;
				CLANG_WARN_UNREACHABLE_CODE = YES;
				CLANG_WARN__DUPLICATE_METHOD_MATCH = YES;
				COPY_PHASE_STRIP = NO;
				DEBUG_INFORMATION_FORMAT = "dwarf-with-dsym";
				ENABLE_NS_ASSERTIONS = NO;
				ENABLE_STRICT_OBJC_MSGSEND = YES;
				GCC_C_LANGUAGE_STANDARD = gnu11;
				GCC_NO_COMMON_BLOCKS = YES;
				GCC_WARN_64_TO_32_BIT_CONVERSION = YES;
				GCC_WARN_ABOUT_RETURN_TYPE = YES_ERROR;
				GCC_WARN_UNDECLARED_SELECTOR = YES;
				GCC_WARN_UNINITIALIZED_AUTOS = YES_AGGRESSIVE;
				GCC_WARN_UNUSED_FUNCTION = YES;
				GCC_WARN_UNUSED_VARIABLE = YES;
				IPHONEOS_DEPLOYMENT_TARGET = 13.4;
				MTL_ENABLE_DEBUG_INFO = NO;
				MTL_FAST_MATH = YES;
				SDKROOT = iphoneos;
				SWIFT_COMPILATION_MODE = wholemodule;
				SWIFT_OPTIMIZATION_LEVEL = "-O";
				VALIDATE_PRODUCT = YES;
			};
			name = Release;
		};
		CC1A11C424783C830057E71D /* Debug */ = {
			isa = XCBuildConfiguration;
			buildSettings = {
				ASSETCATALOG_COMPILER_APPICON_NAME = AppIcon;
				CODE_SIGN_STYLE = Automatic;
				DEVELOPMENT_TEAM = KN2R38R4DZ;
				INFOPLIST_FILE = NewsList/Resources/Info.plist;
				LD_RUNPATH_SEARCH_PATHS = (
					"$(inherited)",
					"@executable_path/Frameworks",
				);
				PRODUCT_BUNDLE_IDENTIFIER = com.overcot.NewsList;
				PRODUCT_NAME = "$(TARGET_NAME)";
				SWIFT_VERSION = 5.0;
				TARGETED_DEVICE_FAMILY = "1,2";
			};
			name = Debug;
		};
		CC1A11C524783C830057E71D /* Release */ = {
			isa = XCBuildConfiguration;
			buildSettings = {
				ASSETCATALOG_COMPILER_APPICON_NAME = AppIcon;
				CODE_SIGN_STYLE = Automatic;
				DEVELOPMENT_TEAM = KN2R38R4DZ;
				INFOPLIST_FILE = NewsList/Resources/Info.plist;
				LD_RUNPATH_SEARCH_PATHS = (
					"$(inherited)",
					"@executable_path/Frameworks",
				);
				PRODUCT_BUNDLE_IDENTIFIER = com.overcot.NewsList;
				PRODUCT_NAME = "$(TARGET_NAME)";
				SWIFT_VERSION = 5.0;
				TARGETED_DEVICE_FAMILY = "1,2";
			};
			name = Release;
		};
		CC1A11C724783C830057E71D /* Debug */ = {
			isa = XCBuildConfiguration;
			buildSettings = {
				ALWAYS_EMBED_SWIFT_STANDARD_LIBRARIES = YES;
				BUNDLE_LOADER = "$(TEST_HOST)";
				CODE_SIGN_STYLE = Automatic;
				DEVELOPMENT_TEAM = KN2R38R4DZ;
				INFOPLIST_FILE = NewsListTests/Info.plist;
				IPHONEOS_DEPLOYMENT_TARGET = 13.4;
				LD_RUNPATH_SEARCH_PATHS = (
					"$(inherited)",
					"@executable_path/Frameworks",
					"@loader_path/Frameworks",
				);
				PRODUCT_BUNDLE_IDENTIFIER = com.overcot.NewsListTests;
				PRODUCT_NAME = "$(TARGET_NAME)";
				SWIFT_VERSION = 5.0;
				TARGETED_DEVICE_FAMILY = "1,2";
				TEST_HOST = "$(BUILT_PRODUCTS_DIR)/NewsList.app/NewsList";
			};
			name = Debug;
		};
		CC1A11C824783C830057E71D /* Release */ = {
			isa = XCBuildConfiguration;
			buildSettings = {
				ALWAYS_EMBED_SWIFT_STANDARD_LIBRARIES = YES;
				BUNDLE_LOADER = "$(TEST_HOST)";
				CODE_SIGN_STYLE = Automatic;
				DEVELOPMENT_TEAM = KN2R38R4DZ;
				INFOPLIST_FILE = NewsListTests/Info.plist;
				IPHONEOS_DEPLOYMENT_TARGET = 13.4;
				LD_RUNPATH_SEARCH_PATHS = (
					"$(inherited)",
					"@executable_path/Frameworks",
					"@loader_path/Frameworks",
				);
				PRODUCT_BUNDLE_IDENTIFIER = com.overcot.NewsListTests;
				PRODUCT_NAME = "$(TARGET_NAME)";
				SWIFT_VERSION = 5.0;
				TARGETED_DEVICE_FAMILY = "1,2";
				TEST_HOST = "$(BUILT_PRODUCTS_DIR)/NewsList.app/NewsList";
			};
			name = Release;
		};
		CC1A11CA24783C830057E71D /* Debug */ = {
			isa = XCBuildConfiguration;
			buildSettings = {
				ALWAYS_EMBED_SWIFT_STANDARD_LIBRARIES = YES;
				CODE_SIGN_STYLE = Automatic;
				DEVELOPMENT_TEAM = KN2R38R4DZ;
				INFOPLIST_FILE = NewsListUITests/Info.plist;
				LD_RUNPATH_SEARCH_PATHS = (
					"$(inherited)",
					"@executable_path/Frameworks",
					"@loader_path/Frameworks",
				);
				PRODUCT_BUNDLE_IDENTIFIER = com.overcot.NewsListUITests;
				PRODUCT_NAME = "$(TARGET_NAME)";
				SWIFT_VERSION = 5.0;
				TARGETED_DEVICE_FAMILY = "1,2";
				TEST_TARGET_NAME = NewsList;
			};
			name = Debug;
		};
		CC1A11CB24783C830057E71D /* Release */ = {
			isa = XCBuildConfiguration;
			buildSettings = {
				ALWAYS_EMBED_SWIFT_STANDARD_LIBRARIES = YES;
				CODE_SIGN_STYLE = Automatic;
				DEVELOPMENT_TEAM = KN2R38R4DZ;
				INFOPLIST_FILE = NewsListUITests/Info.plist;
				LD_RUNPATH_SEARCH_PATHS = (
					"$(inherited)",
					"@executable_path/Frameworks",
					"@loader_path/Frameworks",
				);
				PRODUCT_BUNDLE_IDENTIFIER = com.overcot.NewsListUITests;
				PRODUCT_NAME = "$(TARGET_NAME)";
				SWIFT_VERSION = 5.0;
				TARGETED_DEVICE_FAMILY = "1,2";
				TEST_TARGET_NAME = NewsList;
			};
			name = Release;
		};
/* End XCBuildConfiguration section */

/* Begin XCConfigurationList section */
		CC1A119124783C810057E71D /* Build configuration list for PBXProject "NewsList" */ = {
			isa = XCConfigurationList;
			buildConfigurations = (
				CC1A11C124783C830057E71D /* Debug */,
				CC1A11C224783C830057E71D /* Release */,
			);
			defaultConfigurationIsVisible = 0;
			defaultConfigurationName = Release;
		};
		CC1A11C324783C830057E71D /* Build configuration list for PBXNativeTarget "NewsList" */ = {
			isa = XCConfigurationList;
			buildConfigurations = (
				CC1A11C424783C830057E71D /* Debug */,
				CC1A11C524783C830057E71D /* Release */,
			);
			defaultConfigurationIsVisible = 0;
			defaultConfigurationName = Release;
		};
		CC1A11C624783C830057E71D /* Build configuration list for PBXNativeTarget "NewsListTests" */ = {
			isa = XCConfigurationList;
			buildConfigurations = (
				CC1A11C724783C830057E71D /* Debug */,
				CC1A11C824783C830057E71D /* Release */,
			);
			defaultConfigurationIsVisible = 0;
			defaultConfigurationName = Release;
		};
		CC1A11C924783C830057E71D /* Build configuration list for PBXNativeTarget "NewsListUITests" */ = {
			isa = XCConfigurationList;
			buildConfigurations = (
				CC1A11CA24783C830057E71D /* Debug */,
				CC1A11CB24783C830057E71D /* Release */,
			);
			defaultConfigurationIsVisible = 0;
			defaultConfigurationName = Release;
		};
/* End XCConfigurationList section */

/* Begin XCRemoteSwiftPackageReference section */
		CC15832024797AD000165E03 /* XCRemoteSwiftPackageReference "Alamofire" */ = {
			isa = XCRemoteSwiftPackageReference;
			repositoryURL = "https://github.com/Alamofire/Alamofire";
			requirement = {
				kind = upToNextMajorVersion;
				minimumVersion = 5.2.0;
			};
		};
		CC15832324797E6800165E03 /* XCRemoteSwiftPackageReference "SwiftyXMLParser" */ = {
			isa = XCRemoteSwiftPackageReference;
			repositoryURL = "https://github.com/yahoojapan/SwiftyXMLParser";
			requirement = {
				kind = upToNextMajorVersion;
				minimumVersion = 5.2.0;
			};
		};
		CC1A11CC2478ED170057E71D /* XCRemoteSwiftPackageReference "SnapKit" */ = {
			isa = XCRemoteSwiftPackageReference;
			repositoryURL = "https://github.com/SnapKit/SnapKit";
			requirement = {
				kind = upToNextMajorVersion;
				minimumVersion = 5.0.1;
			};
		};
/* End XCRemoteSwiftPackageReference section */

/* Begin XCSwiftPackageProductDependency section */
		CC15832124797AD000165E03 /* Alamofire */ = {
			isa = XCSwiftPackageProductDependency;
			package = CC15832024797AD000165E03 /* XCRemoteSwiftPackageReference "Alamofire" */;
			productName = Alamofire;
		};
		CC15832424797E6800165E03 /* SwiftyXMLParser */ = {
			isa = XCSwiftPackageProductDependency;
			package = CC15832324797E6800165E03 /* XCRemoteSwiftPackageReference "SwiftyXMLParser" */;
			productName = SwiftyXMLParser;
		};
		CC1A11CD2478ED170057E71D /* SnapKit */ = {
			isa = XCSwiftPackageProductDependency;
			package = CC1A11CC2478ED170057E71D /* XCRemoteSwiftPackageReference "SnapKit" */;
			productName = SnapKit;
		};
/* End XCSwiftPackageProductDependency section */

/* Begin XCVersionGroup section */
		CC1A11A224783C810057E71D /* NewsList.xcdatamodeld */ = {
			isa = XCVersionGroup;
			children = (
				CC1A11A324783C810057E71D /* NewsList.xcdatamodel */,
			);
			currentVersion = CC1A11A324783C810057E71D /* NewsList.xcdatamodel */;
			path = NewsList.xcdatamodeld;
			sourceTree = "<group>";
			versionGroupType = wrapper.xcdatamodel;
		};
/* End XCVersionGroup section */
	};
	rootObject = CC1A118E24783C810057E71D /* Project object */;
}
